
Microsoft Visual Studio Solution File, Format Version 12.00
# Visual Studio Version 16
VisualStudioVersion = 16.0.31424.327
MinimumVisualStudioVersion = 10.0.40219.1
Project("{FAE04EC0-301F-11D3-BF4B-00C04F79EFBC}") = "IRteh", "IRteh.csproj", "{2DC54371-1915-4792-B97C-522D0002D98D}"
EndProject
Global
	GlobalSection(SolutionConfigurationPlatforms) = preSolution
		Debug|Any CPU = Debug|Any CPU
		Release|Any CPU = Release|Any CPU
	EndGlobalSection
	GlobalSection(ProjectConfigurationPlatforms) = postSolution
		{2DC54371-1915-4792-B97C-522D0002D98D}.Debug|Any CPU.ActiveCfg = Debug|Any CPU
		{2DC54371-1915-4792-B97C-522D0002D98D}.Debug|Any CPU.Build.0 = Debug|Any CPU
		{2DC54371-1915-4792-B97C-522D0002D98D}.Release|Any CPU.ActiveCfg = Release|Any CPU
		{2DC54371-1915-4792-B97C-522D0002D98D}.Release|Any CPU.Build.0 = Release|Any CPU
	EndGlobalSection
	GlobalSection(SolutionProperties) = preSolution
		HideSolutionNode = FALSE
	EndGlobalSection
	GlobalSection(ExtensibilityGlobals) = postSolution
		SolutionGuid = {916EE8EF-94A2-4213-9BCD-C32BAEF1B195}
	EndGlobalSection
EndGlobal
